# This file is autogenerated, do not edit; changes may be undone by the next 'dep ensure'.


[[projects]]
  branch = "master"
  name = "dmitri.shuralyov.com/kebabcase"
  packages = ["."]
  revision = "bf160e40a7918fbe9dc3cc841a023d87242bd2eb"

[[projects]]
  name = "github.com/ChimeraCoder/anaconda"
  packages = ["."]
  revision = "0cb3e4c3ff8c6df5c73d5058c64e9c4eb6299c4b"
  version = "v1.0.0"

[[projects]]
  branch = "master"
  name = "github.com/ChimeraCoder/tokenbucket"
  packages = ["."]
  revision = "c5a927568de7aad8a58127d80bcd36ca4e71e454"

[[projects]]
  branch = "master"
  name = "github.com/ajg/form"
  packages = ["."]
  revision = "523a5da1a92f01b01f840b61689c0340a0243532"

[[projects]]
  branch = "master"
  name = "github.com/azr/backoff"
  packages = ["."]
  revision = "53511d3c733003985b0b76f733df1f4d0095ee6a"

[[projects]]
  branch = "master"
  name = "github.com/cockroachdb/cockroach-go"
  packages = ["crdb"]
  revision = "0d8b4682f140f0fe486ef7e3d2f70665f3066906"

[[projects]]
  branch = "master"
  name = "github.com/davecgh/go-spew"
  packages = ["spew"]
  revision = "adab96458c51a58dc1783b3335dcce5461522e75"

[[projects]]
  branch = "master"
  name = "github.com/daviddengcn/go-colortext"
  packages = ["."]
  revision = "17e75f6184bc9e727756cd0d82e0af58b1fc7191"

[[projects]]
  branch = "master"
  name = "github.com/dustin/go-humanize"
  packages = ["."]
  revision = "259d2a102b871d17f30e3cd9881a642961a1e486"

[[projects]]
  branch = "master"
  name = "github.com/dustin/go-jsonpointer"
  packages = ["."]
  revision = "ba0abeacc3dcca5b9b20f31509c46794edbc9965"

[[projects]]
  branch = "master"
  name = "github.com/dustin/gojson"
  packages = ["."]
  revision = "2e71ec9dd5adce3b168cd0dbde03b5cc04951c30"

[[projects]]
  branch = "master"
  name = "github.com/fatih/color"
  packages = ["."]
  revision = "5df930a27be2502f99b292b7cc09ebad4d0891f4"

[[projects]]
  branch = "master"
  name = "github.com/fatih/structs"
  packages = ["."]
  revision = "f5faa72e73092639913f5833b75e1ac1d6bc7a63"

[[projects]]
  branch = "master"
  name = "github.com/fsnotify/fsnotify"
  packages = ["."]
  revision = "4da3e2cfbabc9f751898f250b49f2439785783a1"

[[projects]]
  branch = "master"
  name = "github.com/garyburd/go-oauth"
  packages = ["oauth"]
  revision = "4cff9ef7b7003713efa191899dbaab8fa75e3e73"

[[projects]]
  branch = "master"
  name = "github.com/go-sql-driver/mysql"
  packages = ["."]
  revision = "9181e3a86a19bacd63e68d43ae8b7b36320d8092"

[[projects]]
  name = "github.com/gobuffalo/buffalo"
  packages = [".","binding","middleware","middleware/csrf","middleware/i18n","middleware/ssl","render","worker"]
  revision = "bfa77a8652f7c8ec0bede640656c8add3cb230c2"
  version = "v0.10.3"

[[projects]]
  branch = "master"
  name = "github.com/gobuffalo/envy"
  packages = ["."]
  revision = "e613c80275b86293880eddeb27417c9a7c670ff3"

[[projects]]
  branch = "master"
  name = "github.com/gobuffalo/packr"
  packages = ["."]
  revision = "54c75d3f96df71de343c9a2048f7623620352802"

[[projects]]
  branch = "master"
  name = "github.com/gobuffalo/plush"
  packages = [".","ast","lexer","parser","token"]
  revision = "07945e716c6e71b7faa5f63b8c433cae4612514f"

[[projects]]
  branch = "master"
  name = "github.com/gobuffalo/suite"
  packages = ["."]
  revision = "985d7acf9588fa61c095bc5d357483e00e511ea3"

[[projects]]
  name = "github.com/gobuffalo/tags"
  packages = [".","form","form/bootstrap"]
  revision = "77cf9494ea2d039c420e13e4a3ca45a9cd9c59dd"
  version = "v1.9.5"

[[projects]]
  branch = "master"
  name = "github.com/gobuffalo/x"
  packages = ["httpx"]
  revision = "a0001ffdf4068b86245fb2ca6e187449b75b2371"

[[projects]]
  branch = "master"
  name = "github.com/golang/protobuf"
  packages = ["proto"]
  revision = "1e59b77b52bf8e4b449a57e6f79f21226d571845"

[[projects]]
  branch = "master"
  name = "github.com/google/go-github"
  packages = ["github"]
  revision = "b1f138353a6287df5156971b3963e9107eca06a1"

[[projects]]
  branch = "master"
  name = "github.com/google/go-querystring"
  packages = ["query"]
  revision = "53e6ce116135b80d037921a7fdd5138cf32d7a8a"

[[projects]]
  branch = "master"
  name = "github.com/gorilla/context"
  packages = ["."]
  revision = "08b5f424b9271eedf6f9f0ce86cb9396ed337a42"

[[projects]]
  branch = "master"
  name = "github.com/gorilla/mux"
  packages = ["."]
  revision = "ac112f7d75a0714af1bd86ab17749b31f7809640"

[[projects]]
  branch = "master"
  name = "github.com/gorilla/securecookie"
  packages = ["."]
  revision = "e59506cc896acb7f7bf732d4fdf5e25f7ccd8983"

[[projects]]
  branch = "master"
  name = "github.com/gorilla/sessions"
  packages = ["."]
  revision = "8b6b4cd75f07f7ee036eb37b8127bd40ab1efc49"

[[projects]]
  branch = "master"
  name = "github.com/gorilla/websocket"
  packages = ["."]
  revision = "a91eba7f97777409bc2c443f5534d41dd20c5720"

[[projects]]
  branch = "master"
  name = "github.com/jmoiron/sqlx"
  packages = [".","reflectx"]
  revision = "de8647470aafe4854c976707c431dbe1eb2822c6"

[[projects]]
  branch = "master"
  name = "github.com/joho/godotenv"
  packages = ["."]
  revision = "6d367c18edf6ca7fd004efd6863e4c5728fa858e"

[[projects]]
  branch = "master"
  name = "github.com/lib/pq"
  packages = [".","oid"]
  revision = "83612a56d3dd153a94a629cd64925371c9adad78"

[[projects]]
  branch = "master"
  name = "github.com/markbates/going"
  packages = ["defaults","randx","wait"]
  revision = "0576708c56cea02331f864fe6e157ac7841923e4"

[[projects]]
  branch = "master"
  name = "github.com/markbates/goth"
  packages = [".","gothic","providers/facebook","providers/github","providers/twitter"]
  revision = "78433fec1a8fed110af91e79c94be2d835afe637"

[[projects]]
  branch = "master"
  name = "github.com/markbates/grift"
  packages = ["grift"]
  revision = "00c5a41d8f71f72709c0b90f8da447758f18faa9"

[[projects]]
  branch = "master"
  name = "github.com/markbates/hmax"
  packages = ["."]
  revision = "800e180dcd16937a4cc134c6aa8c8407e62ce880"

[[projects]]
  branch = "master"
  name = "github.com/markbates/inflect"
  packages = ["."]
  revision = "8656ca7f45f5ed737dbe42c370dc31d1f583b7f5"

[[projects]]
  name = "github.com/markbates/pop"
  packages = [".","columns","fizz","fizz/translators","nulls"]
  revision = "00570ee9e436f66a8de394beeb5110489c728b87"
  version = "3.51.1"

[[projects]]
  branch = "master"
  name = "github.com/markbates/refresh"
  packages = ["refresh","refresh/web"]
  revision = "31a58af168f3788ce36d49f66aca4b439f64c7d4"

[[projects]]
  branch = "master"
  name = "github.com/markbates/sigtx"
  packages = ["."]
  revision = "1c5462d668eac5bf96b5773aa44d5c6ce8b12c99"

[[projects]]
  branch = "master"
  name = "github.com/markbates/validate"
  packages = [".","validators"]
  revision = "cd8cc34c703420d6b084fbbfd5085e8e71c5b830"

[[projects]]
  branch = "master"
  name = "github.com/markbates/willie"
  packages = ["."]
  revision = "581acce3ce06dad9fab48638c21adadd0633631f"

[[projects]]
  branch = "master"
  name = "github.com/mattn/anko"
  packages = ["ast","builtins","builtins/encoding/json","builtins/errors","builtins/flag","builtins/fmt","builtins/github.com/daviddengcn/go-colortext","builtins/io","builtins/io/ioutil","builtins/math","builtins/math/big","builtins/math/rand","builtins/net","builtins/net/http","builtins/net/url","builtins/os","builtins/os/exec","builtins/os/signal","builtins/path","builtins/path/filepath","builtins/regexp","builtins/runtime","builtins/sort","builtins/strings","builtins/time","parser","vm"]
  revision = "52286a77e9f29cc89dca96aec90734b8372df375"

[[projects]]
  name = "github.com/mattn/go-colorable"
  packages = ["."]
  revision = "167de6bfdfba052fa6b2d3664c8f5272e23c9072"
  version = "v0.0.9"

[[projects]]
  branch = "master"
  name = "github.com/mattn/go-isatty"
  packages = ["."]
  revision = "fc9e8d8ef48496124e79ae0df75490096eccf6fe"

[[projects]]
  branch = "master"
  name = "github.com/mattn/go-sqlite3"
  packages = ["."]
  revision = "d5ffb5c0cca8778699a929b236766f4a7af674e8"

[[projects]]
  branch = "master"
  name = "github.com/microcosm-cc/bluemonday"
  packages = ["."]
  revision = "68fecaef60268522d2ac3f0123cec9d3bcab7b6e"

[[projects]]
  branch = "master"
  name = "github.com/mitchellh/go-homedir"
  packages = ["."]
  revision = "b8bc1bf767474819792c23f32d8286a45736f1c6"

[[projects]]
  branch = "master"
  name = "github.com/monoculum/formam"
  packages = ["."]
  revision = "f25191ae7744720978b0a6431764360b09b327a5"

[[projects]]
  branch = "master"
  name = "github.com/mrjones/oauth"
  packages = ["."]
  revision = "3f67d9c274355678b2f9844b08d643e2f9213340"

[[projects]]
  branch = "master"
  name = "github.com/nicksnyder/go-i18n"
  packages = ["i18n","i18n/bundle","i18n/language","i18n/translation"]
  revision = "3e70a1a463008cea6726380c908b1a6a8bdf7b24"

[[projects]]
  branch = "master"
  name = "github.com/pelletier/go-buffruneio"
  packages = ["."]
  revision = "c37440a7cf42ac63b919c752ca73a85067e05992"

[[projects]]
  branch = "master"
  name = "github.com/pelletier/go-toml"
  packages = ["."]
  revision = "685a1f1cb7a66b9cadbe8f1ac49d9f8f567d6a9d"

[[projects]]
  name = "github.com/pkg/errors"
  packages = ["."]
  revision = "645ef00459ed84a119197bfb8d8205042c6df63d"
  version = "v0.8.0"

[[projects]]
  name = "github.com/pmezard/go-difflib"
  packages = ["difflib"]
  revision = "792786c7400a136282c1664665ae0a8db921c6c2"
  version = "v1.0.0"

[[projects]]
  branch = "master"
  name = "github.com/russross/blackfriday"
  packages = ["."]
  revision = "6d1ef893fcb01b4f50cb6e57ed7df3e2e627b6b2"

[[projects]]
  name = "github.com/satori/go.uuid"
  packages = ["."]
  revision = "36e9d2ebbde5e3f13ab2e25625fd453271d6522e"

[[projects]]
  branch = "master"
  name = "github.com/serenize/snaker"
  packages = ["."]
  revision = "a683aaf2d516deecd70cad0c72e3ca773ecfcef0"

[[projects]]
  branch = "master"
  name = "github.com/sergi/go-diff"
  packages = ["diffmatchpatch"]
  revision = "1744e2970ca51c86172c8190fadad617561ed6e7"

[[projects]]
  branch = "master"
  name = "github.com/shurcooL/github_flavored_markdown"
  packages = ["."]
  revision = "28433ea3fc83827d77424782fefdcd94703366cc"

[[projects]]
  branch = "master"
  name = "github.com/shurcooL/go"
  packages = ["parserutil","printerutil","reflectfind","reflectsource"]
  revision = "004faa6b0118cf52635363b72b51cdcc297800a2"

[[projects]]
  branch = "master"
  name = "github.com/shurcooL/go-goon"
  packages = ["."]
  revision = "37c2f522c041b74919a9e5e3a6c5c47eb34730a5"

[[projects]]
  branch = "master"
  name = "github.com/shurcooL/graphql"
  packages = ["ident"]
  revision = "d0549edd16dceb6939e538fdb1b4f2ec7ee816cc"

[[projects]]
  branch = "master"
  name = "github.com/shurcooL/highlight_diff"
  packages = ["."]
  revision = "09bb4053de1b1d872a9f25dc21378fa71dca4e4e"

[[projects]]
  branch = "master"
  name = "github.com/shurcooL/highlight_go"
  packages = ["."]
  revision = "78fb10f4a5f89e812a5e26ab723b954a51226086"

[[projects]]
  branch = "master"
  name = "github.com/shurcooL/octiconssvg"
  packages = ["."]
  revision = "38b02129bb6460858e11f90798a3832da1e502bd"

[[projects]]
  branch = "master"
  name = "github.com/shurcooL/sanitized_anchor_name"
  packages = ["."]
  revision = "86672fcb3f950f35f2e675df2240550f2a50762f"

[[projects]]
  branch = "master"
  name = "github.com/sirupsen/logrus"
  packages = ["."]
  revision = "d682213848ed68c0a260ca37d6dd5ace8423f5ba"

[[projects]]
  branch = "master"
  name = "github.com/sourcegraph/annotate"
  packages = ["."]
  revision = "f4cad6c6324d3f584e1743d8b3e0e017a5f3a636"

[[projects]]
  branch = "master"
  name = "github.com/sourcegraph/syntaxhighlight"
  packages = ["."]
  revision = "bd320f5d308e1a3c4314c678d8227a0d72574ae7"

[[projects]]
  branch = "master"
  name = "github.com/stretchr/testify"
  packages = ["assert","require","suite"]
  revision = "2aa2c176b9dab406a6970f6a55f513e8a8c8b18f"

[[projects]]
  branch = "v1"
  name = "github.com/unrolled/secure"
  packages = ["."]
  revision = "0f73fc7feba662a2ad5ff887fe203af08f8f8716"

[[projects]]
  branch = "master"
  name = "github.com/yhat/scrape"
  packages = ["."]
  revision = "24b7890b0945459dbf91743e4d2ac5d75a51fee2"

[[projects]]
  branch = "master"
  name = "golang.org/x/crypto"
  packages = ["bcrypt","blowfish","ssh/terminal"]
  revision = "94eea52f7b742c7cbe0b03b22f0c4c8631ece122"

[[projects]]
  branch = "master"
  name = "golang.org/x/net"
  packages = ["context","context/ctxhttp","html","html/atom"]
  revision = "d866cfc389cec985d6fda2859936a575a55a3ab6"

[[projects]]
  branch = "master"
  name = "golang.org/x/oauth2"
  packages = [".","internal"]
  revision = "462316686f20eb6df426961c1c131bdaa5dfa68e"

[[projects]]
  branch = "master"
  name = "golang.org/x/sync"
  packages = ["errgroup"]
  revision = "fd80eb99c8f653c847d294a001bdf2a3a6f768f5"

[[projects]]
  branch = "master"
  name = "golang.org/x/sys"
  packages = ["unix","windows"]
  revision = "1d2aa6dbdea45adaaebb9905d0666e4537563829"

[[projects]]
  name = "google.golang.org/appengine"
  packages = ["cloudsql","internal","internal/base","internal/datastore","internal/log","internal/remote_api","internal/urlfetch","urlfetch"]
  revision = "150dc57a1b433e64154302bdc40b6bb8aefa313a"
  version = "v1.0.0"

[[projects]]
  branch = "v2"
  name = "gopkg.in/yaml.v2"
  packages = ["."]
  revision = "287cf08546ab5e7e37d55a84f7ed3fd1db036de5"

[solve-meta]
  analyzer-name = "dep"
  analyzer-version = 1
  inputs-digest = "52fbde58cbafcca761b57d8dd11c77aa719c17c5f521a3c7b10c2236559c0f3d"
  solver-name = "gps-cdcl"
  solver-version = 1
